// !$*UTF8*$!
{
	archiveVersion = 1;
	classes = {
	};
	objectVersion = 46;
	objects = {

/* Begin PBXBuildFile section */
		30C828E21B844F8F005EC7EF /* main.m in Sources */ = {isa = PBXBuildFile; fileRef = 30C828E11B844F8F005EC7EF /* main.m */; };
		30C828E51B844F8F005EC7EF /* AppDelegate.m in Sources */ = {isa = PBXBuildFile; fileRef = 30C828E41B844F8F005EC7EF /* AppDelegate.m */; };
		30C828E81B844F8F005EC7EF /* ViewController.m in Sources */ = {isa = PBXBuildFile; fileRef = 30C828E71B844F8F005EC7EF /* ViewController.m */; };
		30C828EB1B844F8F005EC7EF /* Main.storyboard in Resources */ = {isa = PBXBuildFile; fileRef = 30C828E91B844F8F005EC7EF /* Main.storyboard */; };
		30C828ED1B844F8F005EC7EF /* Images.xcassets in Resources */ = {isa = PBXBuildFile; fileRef = 30C828EC1B844F8F005EC7EF /* Images.xcassets */; };
		30C828F01B844F8F005EC7EF /* LaunchScreen.xib in Resources */ = {isa = PBXBuildFile; fileRef = 30C828EE1B844F8F005EC7EF /* LaunchScreen.xib */; };
		30C828FC1B844F8F005EC7EF /* PetFinderIosTests.m in Sources */ = {isa = PBXBuildFile; fileRef = 30C828FB1B844F8F005EC7EF /* PetFinderIosTests.m */; };
/* End PBXBuildFile section */

/* Begin PBXContainerItemProxy section */
		30C828F61B844F8F005EC7EF /* PBXContainerItemProxy */ = {
			isa = PBXContainerItemProxy;
			containerPortal = 30C828D41B844F8F005EC7EF /* Project object */;
			proxyType = 1;
			remoteGlobalIDString = 30C828DB1B844F8F005EC7EF;
			remoteInfo = PetFinderIos;
		};
/* End PBXContainerItemProxy section */

/* Begin PBXFileReference section */
		30C828DC1B844F8F005EC7EF /* PetFinderIos.app */ = {isa = PBXFileReference; explicitFileType = wrapper.application; includeInIndex = 0; path = PetFinderIos.app; sourceTree = BUILT_PRODUCTS_DIR; };
		30C828E01B844F8F005EC7EF /* Info.plist */ = {isa = PBXFileReference; lastKnownFileType = text.plist.xml; path = Info.plist; sourceTree = "<group>"; };
		30C828E11B844F8F005EC7EF /* main.m */ = {isa = PBXFileReference; lastKnownFileType = sourcecode.c.objc; path = main.m; sourceTree = "<group>"; };
		30C828E31B844F8F005EC7EF /* AppDelegate.h */ = {isa = PBXFileReference; lastKnownFileType = sourcecode.c.h; path = AppDelegate.h; sourceTree = "<group>"; };
		30C828E41B844F8F005EC7EF /* AppDelegate.m */ = {isa = PBXFileReference; lastKnownFileType = sourcecode.c.objc; path = AppDelegate.m; sourceTree = "<group>"; };
		30C828E61B844F8F005EC7EF /* ViewController.h */ = {isa = PBXFileReference; lastKnownFileType = sourcecode.c.h; path = ViewController.h; sourceTree = "<group>"; };
		30C828E71B844F8F005EC7EF /* ViewController.m */ = {isa = PBXFileReference; lastKnownFileType = sourcecode.c.objc; path = ViewController.m; sourceTree = "<group>"; };
		30C828EA1B844F8F005EC7EF /* Base */ = {isa = PBXFileReference; lastKnownFileType = file.storyboard; name = Base; path = Base.lproj/Main.storyboard; sourceTree = "<group>"; };
		30C828EC1B844F8F005EC7EF /* Images.xcassets */ = {isa = PBXFileReference; lastKnownFileType = folder.assetcatalog; path = Images.xcassets; sourceTree = "<group>"; };
		30C828EF1B844F8F005EC7EF /* Base */ = {isa = PBXFileReference; lastKnownFileType = file.xib; name = Base; path = Base.lproj/LaunchScreen.xib; sourceTree = "<group>"; };
		30C828F51B844F8F005EC7EF /* PetFinderIosTests.xctest */ = {isa = PBXFileReference; explicitFileType = wrapper.cfbundle; includeInIndex = 0; path = PetFinderIosTests.xctest; sourceTree = BUILT_PRODUCTS_DIR; };
		30C828FA1B844F8F005EC7EF /* Info.plist */ = {isa = PBXFileReference; lastKnownFileType = text.plist.xml; path = Info.plist; sourceTree = "<group>"; };
		30C828FB1B844F8F005EC7EF /* PetFinderIosTests.m */ = {isa = PBXFileReference; lastKnownFileType = sourcecode.c.objc; path = PetFinderIosTests.m; sourceTree = "<group>"; };
/* End PBXFileReference section */

/* Begin PBXFrameworksBuildPhase section */
		30C828D91B844F8F005EC7EF /* Frameworks */ = {
			isa = PBXFrameworksBuildPhase;
			buildActionMask = 2147483647;
			files = (
			);
			runOnlyForDeploymentPostprocessing = 0;
		};
		30C828F21B844F8F005EC7EF /* Frameworks */ = {
			isa = PBXFrameworksBuildPhase;
			buildActionMask = 2147483647;
			files = (
			);
			runOnlyForDeploymentPostprocessing = 0;
		};
/* End PBXFrameworksBuildPhase section */

/* Begin PBXGroup section */
		30C828D31B844F8F005EC7EF = {
			isa = PBXGroup;
			children = (
				30C828DE1B844F8F005EC7EF /* PetFinderIos */,
				30C828F81B844F8F005EC7EF /* PetFinderIosTests */,
				30C828DD1B844F8F005EC7EF /* Products */,
			);
			sourceTree = "<group>";
		};
		30C828DD1B844F8F005EC7EF /* Products */ = {
			isa = PBXGroup;
			children = (
				30C828DC1B844F8F005EC7EF /* PetFinderIos.app */,
				30C828F51B844F8F005EC7EF /* PetFinderIosTests.xctest */,
			);
			name = Products;
			sourceTree = "<group>";
		};
		30C828DE1B844F8F005EC7EF /* PetFinderIos */ = {
			isa = PBXGroup;
			children = (
				30C828E31B844F8F005EC7EF /* AppDelegate.h */,
				30C828E41B844F8F005EC7EF /* AppDelegate.m */,
				30C828E61B844F8F005EC7EF /* ViewController.h */,
				30C828E71B844F8F005EC7EF /* ViewController.m */,
				30C828E91B844F8F005EC7EF /* Main.storyboard */,
				30C828EC1B844F8F005EC7EF /* Images.xcassets */,
				30C828EE1B844F8F005EC7EF /* LaunchScreen.xib */,
				30C828DF1B844F8F005EC7EF /* Supporting Files */,
			);
			path = PetFinderIos;
			sourceTree = "<group>";
		};
		30C828DF1B844F8F005EC7EF /* Supporting Files */ = {
			isa = PBXGroup;
			children = (
				30C828E01B844F8F005EC7EF /* Info.plist */,
				30C828E11B844F8F005EC7EF /* main.m */,
			);
			name = "Supporting Files";
			sourceTree = "<group>";
		};
		30C828F81B844F8F005EC7EF /* PetFinderIosTests */ = {
			isa = PBXGroup;
			children = (
				30C828FB1B844F8F005EC7EF /* PetFinderIosTests.m */,
				30C828F91B844F8F005EC7EF /* Supporting Files */,
			);
			path = PetFinderIosTests;
			sourceTree = "<group>";
		};
		30C828F91B844F8F005EC7EF /* Supporting Files */ = {
			isa = PBXGroup;
			children = (
				30C828FA1B844F8F005EC7EF /* Info.plist */,
			);
			name = "Supporting Files";
			sourceTree = "<group>";
		};
/* End PBXGroup section */

/* Begin PBXNativeTarget section */
		30C828DB1B844F8F005EC7EF /* PetFinderIos */ = {
			isa = PBXNativeTarget;
			buildConfigurationList = 30C828FF1B844F8F005EC7EF /* Build configuration list for PBXNativeTarget "PetFinderIos" */;
			buildPhases = (
				30C828D81B844F8F005EC7EF /* Sources */,
				30C828D91B844F8F005EC7EF /* Frameworks */,
				30C828DA1B844F8F005EC7EF /* Resources */,
			);
			buildRules = (
			);
			dependencies = (
			);
			name = PetFinderIos;
			productName = PetFinderIos;
			productReference = 30C828DC1B844F8F005EC7EF /* PetFinderIos.app */;
			productType = "com.apple.product-type.application";
		};
		30C828F41B844F8F005EC7EF /* PetFinderIosTests */ = {
			isa = PBXNativeTarget;
			buildConfigurationList = 30C829021B844F8F005EC7EF /* Build configuration list for PBXNativeTarget "PetFinderIosTests" */;
			buildPhases = (
				30C828F11B844F8F005EC7EF /* Sources */,
				30C828F21B844F8F005EC7EF /* Frameworks */,
				30C828F31B844F8F005EC7EF /* Resources */,
			);
			buildRules = (
			);
			dependencies = (
				30C828F71B844F8F005EC7EF /* PBXTargetDependency */,
			);
			name = PetFinderIosTests;
			productName = PetFinderIosTests;
			productReference = 30C828F51B844F8F005EC7EF /* PetFinderIosTests.xctest */;
			productType = "com.apple.product-type.bundle.unit-test";
		};
/* End PBXNativeTarget section */

/* Begin PBXProject section */
		30C828D41B844F8F005EC7EF /* Project object */ = {
			isa = PBXProject;
			attributes = {
				LastUpgradeCheck = 0640;
				ORGANIZATIONNAME = grisostomos;
				TargetAttributes = {
					30C828DB1B844F8F005EC7EF = {
						CreatedOnToolsVersion = 6.4;
					};
					30C828F41B844F8F005EC7EF = {
						CreatedOnToolsVersion = 6.4;
						TestTargetID = 30C828DB1B844F8F005EC7EF;
					};
				};
			};
			buildConfigurationList = 30C828D71B844F8F005EC7EF /* Build configuration list for PBXProject "PetFinderIos" */;
			compatibilityVersion = "Xcode 3.2";
			developmentRegion = English;
			hasScannedForEncodings = 0;
			knownRegions = (
				en,
				Base,
			);
			mainGroup = 30C828D31B844F8F005EC7EF;
			productRefGroup = 30C828DD1B844F8F005EC7EF /* Products */;
			projectDirPath = "";
			projectRoot = "";
			targets = (
				30C828DB1B844F8F005EC7EF /* PetFinderIos */,
				30C828F41B844F8F005EC7EF /* PetFinderIosTests */,
			);
		};
/* End PBXProject section */

/* Begin PBXResourcesBuildPhase section */
		30C828DA1B844F8F005EC7EF /* Resources */ = {
			isa = PBXResourcesBuildPhase;
			buildActionMask = 2147483647;
			files = (
				30C828EB1B844F8F005EC7EF /* Main.storyboard in Resources */,
				30C828F01B844F8F005EC7EF /* LaunchScreen.xib in Resources */,
				30C828ED1B844F8F005EC7EF /* Images.xcassets in Resources */,
			);
			runOnlyForDeploymentPostprocessing = 0;
		};
		30C828F31B844F8F005EC7EF /* Resources */ = {
			isa = PBXResourcesBuildPhase;
			buildActionMask = 2147483647;
			files = (
			);
			runOnlyForDeploymentPostprocessing = 0;
		};
/* End PBXResourcesBuildPhase section */

/* Begin PBXSourcesBuildPhase section */
		30C828D81B844F8F005EC7EF /* Sources */ = {
			isa = PBXSourcesBuildPhase;
			buildActionMask = 2147483647;
			files = (
				30C828E81B844F8F005EC7EF /* ViewController.m in Sources */,
				30C828E51B844F8F005EC7EF /* AppDelegate.m in Sources */,
				30C828E21B844F8F005EC7EF /* main.m in Sources */,
			);
			runOnlyForDeploymentPostprocessing = 0;
		};
		30C828F11B844F8F005EC7EF /* Sources */ = {
			isa = PBXSourcesBuildPhase;
			buildActionMask = 2147483647;
			files = (
				30C828FC1B844F8F005EC7EF /* PetFinderIosTests.m in Sources */,
			);
			runOnlyForDeploymentPostprocessing = 0;
		};
/* End PBXSourcesBuildPhase section */

/* Begin PBXTargetDependency section */
		30C828F71B844F8F005EC7EF /* PBXTargetDependency */ = {
			isa = PBXTargetDependency;
			target = 30C828DB1B844F8F005EC7EF /* PetFinderIos */;
			targetProxy = 30C828F61B844F8F005EC7EF /* PBXContainerItemProxy */;
		};
/* End PBXTargetDependency section */

/* Begin PBXVariantGroup section */
		30C828E91B844F8F005EC7EF /* Main.storyboard */ = {
			isa = PBXVariantGroup;
			children = (
				30C828EA1B844F8F005EC7EF /* Base */,
			);
			name = Main.storyboard;
			sourceTree = "<group>";
		};
		30C828EE1B844F8F005EC7EF /* LaunchScreen.xib */ = {
			isa = PBXVariantGroup;
			children = (
				30C828EF1B844F8F005EC7EF /* Base */,
			);
			name = LaunchScreen.xib;
			sourceTree = "<group>";
		};
/* End PBXVariantGroup section */

/* Begin XCBuildConfiguration section */
		30C828FD1B844F8F005EC7EF /* Debug */ = {
			isa = XCBuildConfiguration;
			buildSettings = {
				ALWAYS_SEARCH_USER_PATHS = NO;
				CLANG_CXX_LANGUAGE_STANDARD = "gnu++0x";
				CLANG_CXX_LIBRARY = "libc++";
				CLANG_ENABLE_MODULES = YES;
				CLANG_ENABLE_OBJC_ARC = YES;
				CLANG_WARN_BOOL_CONVERSION = YES;
				CLANG_WARN_CONSTANT_CONVERSION = YES;
				CLANG_WARN_DIRECT_OBJC_ISA_USAGE = YES_ERROR;
				CLANG_WARN_EMPTY_BODY = YES;
				CLANG_WARN_ENUM_CONVERSION = YES;
				CLANG_WARN_INT_CONVERSION = YES;
				CLANG_WARN_OBJC_ROOT_CLASS = YES_ERROR;
				CLANG_WARN_UNREACHABLE_CODE = YES;
				CLANG_WARN__DUPLICATE_METHOD_MATCH = YES;
				"CODE_SIGN_IDENTITY[sdk=iphoneos*]" = "iPhone Developer";
				COPY_PHASE_STRIP = NO;
				DEBUG_INFORMATION_FORMAT = "dwarf-with-dsym";
				ENABLE_STRICT_OBJC_MSGSEND = YES;
				GCC_C_LANGUAGE_STANDARD = gnu99;
				GCC_DYNAMIC_NO_PIC = NO;
				GCC_NO_COMMON_BLOCKS = YES;
				GCC_OPTIMIZATION_LEVEL = 0;
				GCC_PREPROCESSOR_DEFINITIONS = (
					"DEBUG=1",
					"$(inherited)",
				);
				GCC_SYMBOLS_PRIVATE_EXTERN = NO;
				GCC_WARN_64_TO_32_BIT_CONVERSION = YES;
				GCC_WARN_ABOUT_RETURN_TYPE = YES_ERROR;
				GCC_WARN_UNDECLARED_SELECTOR = YES;
				GCC_WARN_UNINITIALIZED_AUTOS = YES_AGGRESSIVE;
				GCC_WARN_UNUSED_FUNCTION = YES;
				GCC_WARN_UNUSED_VARIABLE = YES;
				IPHONEOS_DEPLOYMENT_TARGET = 8.4;
				MTL_ENABLE_DEBUG_INFO = YES;
				ONLY_ACTIVE_ARCH = YES;
				SDKROOT = iphoneos;
				TARGETED_DEVICE_FAMILY = "1,2";
			};
			name = Debug;
		};
		30C828FE1B844F8F005EC7EF /* Release */ = {
			isa = XCBuildConfiguration;
			buildSettings = {
				ALWAYS_SEARCH_USER_PATHS = NO;
				CLANG_CXX_LANGUAGE_STANDARD = "gnu++0x";
				CLANG_CXX_LIBRARY = "libc++";
				CLANG_ENABLE_MODULES = YES;
				CLANG_ENABLE_OBJC_ARC = YES;
				CLANG_WARN_BOOL_CONVERSION = YES;
				CLANG_WARN_CONSTANT_CONVERSION = YES;
				CLANG_WARN_DIRECT_OBJC_ISA_USAGE = YES_ERROR;
				CLANG_WARN_EMPTY_BODY = YES;
				CLANG_WARN_ENUM_CONVERSION = YES;
				CLANG_WARN_INT_CONVERSION = YES;
				CLANG_WARN_OBJC_ROOT_CLASS = YES_ERROR;
				CLANG_WARN_UNREACHABLE_CODE = YES;
				CLANG_WARN__DUPLICATE_METHOD_MATCH = YES;
				"CODE_SIGN_IDENTITY[sdk=iphoneos*]" = "iPhone Developer";
				COPY_PHASE_STRIP = NO;
				DEBUG_INFORMATION_FORMAT = "dwarf-with-dsym";
				ENABLE_NS_ASSERTIONS = NO;
				ENABLE_STRICT_OBJC_MSGSEND = YES;
				GCC_C_LANGUAGE_STANDARD = gnu99;
				GCC_NO_COMMON_BLOCKS = YES;
				GCC_WARN_64_TO_32_BIT_CONVERSION = YES;
				GCC_WARN_ABOUT_RETURN_TYPE = YES_ERROR;
				GCC_WARN_UNDECLARED_SELECTOR = YES;
				GCC_WARN_UNINITIALIZED_AUTOS = YES_AGGRESSIVE;
				GCC_WARN_UNUSED_FUNCTION = YES;
				GCC_WARN_UNUSED_VARIABLE = YES;
				IPHONEOS_DEPLOYMENT_TARGET = 8.4;
				MTL_ENABLE_DEBUG_INFO = NO;
				SDKROOT = iphoneos;
				TARGETED_DEVICE_FAMILY = "1,2";
				VALIDATE_PRODUCT = YES;
			};
			name = Release;
		};
		30C829001B844F8F005EC7EF /* Debug */ = {
			isa = XCBuildConfiguration;
			buildSettings = {
				ASSETCATALOG_COMPILER_APPICON_NAME = AppIcon;
				INFOPLIST_FILE = PetFinderIos/Info.plist;
				LD_RUNPATH_SEARCH_PATHS = "$(inherited) @executable_path/Frameworks";
				PRODUCT_NAME = "$(TARGET_NAME)";
			};
			name = Debug;
		};
		30C829011B844F8F005EC7EF /* Release */ = {
			isa = XCBuildConfiguration;
			buildSettings = {
				ASSETCATALOG_COMPILER_APPICON_NAME = AppIcon;
				INFOPLIST_FILE = PetFinderIos/Info.plist;
				LD_RUNPATH_SEARCH_PATHS = "$(inherited) @executable_path/Frameworks";
				PRODUCT_NAME = "$(TARGET_NAME)";
			};
			name = Release;
		};
		30C829031B844F8F005EC7EF /* Debug */ = {
			isa = XCBuildConfiguration;
			buildSettings = {
				BUNDLE_LOADER = "$(TEST_HOST)";
				FRAMEWORK_SEARCH_PATHS = (
					"$(SDKROOT)/Developer/Library/Frameworks",
					"$(inherited)",
				);
				GCC_PREPROCESSOR_DEFINITIONS = (
					"DEBUG=1",
					"$(inherited)",
				);
				INFOPLIST_FILE = PetFinderIosTests/Info.plist;
				LD_RUNPATH_SEARCH_PATHS = "$(inherited) @executable_path/Frameworks @loader_path/Frameworks";
				PRODUCT_NAME = "$(TARGET_NAME)";
				TEST_HOST = "$(BUILT_PRODUCTS_DIR)/PetFinderIos.app/PetFinderIos";
			};
			name = Debug;
		};
		30C829041B844F8F005EC7EF /* Release */ = {
			isa = XCBuildConfiguration;
			buildSettings = {
				BUNDLE_LOADER = "$(TEST_HOST)";
				FRAMEWORK_SEARCH_PATHS = (
					"$(SDKROOT)/Developer/Library/Frameworks",
					"$(inherited)",
				);
				INFOPLIST_FILE = PetFinderIosTests/Info.plist;
				LD_RUNPATH_SEARCH_PATHS = "$(inherited) @executable_path/Frameworks @loader_path/Frameworks";
				PRODUCT_NAME = "$(TARGET_NAME)";
				TEST_HOST = "$(BUILT_PRODUCTS_DIR)/PetFinderIos.app/PetFinderIos";
			};
			name = Release;
		};
/* End XCBuildConfiguration section */

/* Begin XCConfigurationList section */
		30C828D71B844F8F005EC7EF /* Build configuration list for PBXProject "PetFinderIos" */ = {
			isa = XCConfigurationList;
			buildConfigurations = (
				30C828FD1B844F8F005EC7EF /* Debug */,
				30C828FE1B844F8F005EC7EF /* Release */,
			);
			defaultConfigurationIsVisible = 0;
			defaultConfigurationName = Release;
		};
		30C828FF1B844F8F005EC7EF /* Build configuration list for PBXNativeTarget "PetFinderIos" */ = {
			isa = XCConfigurationList;
			buildConfigurations = (
				30C829001B844F8F005EC7EF /* Debug */,
				30C829011B844F8F005EC7EF /* Release */,
			);
			defaultConfigurationIsVisible = 0;
		};
		30C829021B844F8F005EC7EF /* Build configuration list for PBXNativeTarget "PetFinderIosTests" */ = {
			isa = XCConfigurationList;
			buildConfigurations = (
				30C829031B844F8F005EC7EF /* Debug */,
				30C829041B844F8F005EC7EF /* Release */,
			);
			defaultConfigurationIsVisible = 0;
		};
/* End XCConfigurationList section */
	};
	rootObject = 30C828D41B844F8F005EC7EF /* Project object */;
}
